# This file is autogenerated, do not edit; changes may be undone by the next 'dep ensure'.


[[projects]]
  branch = "master"
  digest = "1:093bf93a65962e8191e3e8cd8fc6c363f83d43caca9739c906531ba7210a9904"
  name = "github.com/btcsuite/btcd"
  packages = ["btcec"]
  pruneopts = "UT"
  revision = "9bfb2ca0346b57e246cc96fa31074df521175240"

[[projects]]
  digest = "1:ffe9824d294da03b391f44e1ae8281281b4afc1bdaa9588c9097785e3af10cec"
  name = "github.com/davecgh/go-spew"
  packages = ["spew"]
  pruneopts = "UT"
  revision = "8991bc29aa16c548c550c7ff78260e27b9ab7c73"
  version = "v1.1.1"

[[projects]]
  branch = "dev"
  digest = "1:989ca7617ed87c5fa460e9f63414d797fd0d2dd07cdda0b6d6d3e7450e002b1f"
  name = "github.com/dexon-foundation/bls"
  packages = ["ffi/go/bls"]
  pruneopts = "UT"
  revision = "b0a83abe7389df7f4c45adc3b52d957f3996322d"

[[projects]]
  branch = "dev"
  digest = "1:8fc72b5a0372267ae68d203aef3e1108eb7274050c7ded516ea1af71a8a09b77"
  name = "github.com/dexon-foundation/dexon"
  packages = [
    "common",
    "common/hexutil",
    "common/math",
    "crypto",
    "crypto/secp256k1",
    "log",
    "rlp",
  ]
  pruneopts = "UT"
  revision = "f1ed7d074fe1d574a84c308c6ad878dc2d153654"

[[projects]]
  digest = "1:586ea76dbd0374d6fb649a91d70d652b7fe0ccffb8910a77468e7702e7901f3d"
  name = "github.com/go-stack/stack"
  packages = ["."]
  pruneopts = "UT"
  revision = "2fee6af1a9795aafbe0253a0cfbdf668e1fb8a9a"
  version = "v1.8.0"

[[projects]]
  digest = "1:e4f5819333ac698d294fe04dbf640f84719658d5c7ce195b10060cc37292ce79"
  name = "github.com/golang/snappy"
  packages = ["."]
  pruneopts = "UT"
  revision = "2a8bb927dd31d8daada140a5d09578521ce5c36a"
  version = "v0.0.1"

[[projects]]
  digest = "1:d15ee511aa0f56baacc1eb4c6b922fa1c03b38413b6be18166b996d82a0156ea"
  name = "github.com/hashicorp/golang-lru"
  packages = [
    ".",
    "simplelru",
  ]
  pruneopts = "UT"
  revision = "7087cb70de9f7a8bc0a10c375cb0d2280a8edf9c"
  version = "v0.5.1"

[[projects]]
  digest = "1:b56c589214f01a5601e0821387db484617392d0042f26234bf2da853a2f498a1"
  name = "github.com/naoina/go-stringutil"
  packages = ["."]
  pruneopts = "UT"
  revision = "6b638e95a32d0c1131db0e7fe83775cbea4a0d0b"
  version = "v0.1.0"

[[projects]]
  digest = "1:f58c3d0e46b64878d00652fedba24ee879725191ab919dca7b62586859281c04"
  name = "github.com/naoina/toml"
  packages = [
    ".",
    "ast",
  ]
  pruneopts = "UT"
  revision = "e6f5723bf2a66af014955e0888881314cf294129"
  version = "v0.1.1"

[[projects]]
  digest = "1:0028cb19b2e4c3112225cd871870f2d9cf49b9b4276531f03438a88e94be86fe"
  name = "github.com/pmezard/go-difflib"
  packages = ["difflib"]
  pruneopts = "UT"
  revision = "792786c7400a136282c1664665ae0a8db921c6c2"
  version = "v1.0.0"

[[projects]]
  digest = "1:8ff03ccc603abb0d7cce94d34b613f5f6251a9e1931eba1a3f9888a9029b055c"
  name = "github.com/stretchr/testify"
  packages = [
    "assert",
    "require",
    "suite",
  ]
  pruneopts = "UT"
  revision = "ffdc059bfe9ce6a4e144ba849dbedead332c6053"
  version = "v1.3.0"

[[projects]]
  branch = "master"
  digest = "1:3f0c28875fb78456bc1815a9c13cb5962a4f0c462b37ec72e90c2f2cc407b54f"
  name = "github.com/syndtr/goleveldb"
  packages = [
    "leveldb",
    "leveldb/cache",
    "leveldb/comparer",
    "leveldb/errors",
    "leveldb/filter",
    "leveldb/iterator",
    "leveldb/journal",
    "leveldb/memdb",
    "leveldb/opt",
    "leveldb/storage",
    "leveldb/table",
    "leveldb/util",
  ]
  pruneopts = "UT"
  revision = "c3a204f8e96543bb0cc090385c001078f184fc46"

[[projects]]
  branch = "master"
  digest = "1:d193d0292355f8fada46cf77967d64df52ce6e0a757f81a3a1b2626ac77d649d"
  name = "golang.org/x/crypto"
  packages = ["sha3"]
  pruneopts = "UT"
  revision = "38d8ce5564a5b71b2e3a00553993f1b9a7ae852f"

[[projects]]
  branch = "master"
  digest = "1:13917c3d8b9b6c14a941d66af59444b7ce53a859a8b86e24891a713186f42c65"
  name = "golang.org/x/sys"
  packages = [
    "cpu",
    "unix",
  ]
  pruneopts = "UT"
  revision = "0ad05ae3009d6413d3363aa09b350b2ec37daf09"

[solve-meta]
  analyzer-name = "dep"
  analyzer-version = 1
  input-imports = [
    "github.com/dexon-foundation/bls/ffi/go/bls",
    "github.com/dexon-foundation/dexon/crypto",
    "github.com/dexon-foundation/dexon/log",
    "github.com/dexon-foundation/dexon/rlp",
    "github.com/hashicorp/golang-lru",
    "github.com/naoina/toml",
    "github.com/stretchr/testify/suite",
    "github.com/syndtr/goleveldb/leveldb",
  ]
  solver-name = "gps-cdcl"
  solver-version = 1
